
Microsoft Visual Studio Solution File, Format Version 12.00
# Visual Studio 2015
Project("{FAE04EC0-301F-11D3-BF4B-00C04F79EFBC}") = "assignment3.CSharp.Plugins", "assignment3.CSharp.Plugins.csproj", "{F5AE6404-0DC4-0104-1CD1-ED6CC380EC8B}"
EndProject
Project("{FAE04EC0-301F-11D3-BF4B-00C04F79EFBC}") = "assignment3.CSharp", "assignment3.CSharp.csproj", "{88299972-6B10-7F75-0396-98244211C357}"
EndProject
Project("{FAE04EC0-301F-11D3-BF4B-00C04F79EFBC}") = "assignment3.CSharp.Editor", "assignment3.CSharp.Editor.csproj", "{5DF50927-5D2F-C253-BC90-C942CE3801C4}"
EndProject
Global
	GlobalSection(SolutionConfigurationPlatforms) = preSolution
		Debug|Any CPU = Debug|Any CPU
		Release|Any CPU = Release|Any CPU
	EndGlobalSection
	GlobalSection(ProjectConfigurationPlatforms) = postSolution
		{F5AE6404-0DC4-0104-1CD1-ED6CC380EC8B}.Debug|Any CPU.ActiveCfg = Debug|Any CPU
		{F5AE6404-0DC4-0104-1CD1-ED6CC380EC8B}.Debug|Any CPU.Build.0 = Debug|Any CPU
		{F5AE6404-0DC4-0104-1CD1-ED6CC380EC8B}.Release|Any CPU.ActiveCfg = Release|Any CPU
		{F5AE6404-0DC4-0104-1CD1-ED6CC380EC8B}.Release|Any CPU.Build.0 = Release|Any CPU
		{88299972-6B10-7F75-0396-98244211C357}.Debug|Any CPU.ActiveCfg = Debug|Any CPU
		{88299972-6B10-7F75-0396-98244211C357}.Debug|Any CPU.Build.0 = Debug|Any CPU
		{88299972-6B10-7F75-0396-98244211C357}.Release|Any CPU.ActiveCfg = Release|Any CPU
		{88299972-6B10-7F75-0396-98244211C357}.Release|Any CPU.Build.0 = Release|Any CPU
		{5DF50927-5D2F-C253-BC90-C942CE3801C4}.Debug|Any CPU.ActiveCfg = Debug|Any CPU
		{5DF50927-5D2F-C253-BC90-C942CE3801C4}.Debug|Any CPU.Build.0 = Debug|Any CPU
		{5DF50927-5D2F-C253-BC90-C942CE3801C4}.Release|Any CPU.ActiveCfg = Release|Any CPU
		{5DF50927-5D2F-C253-BC90-C942CE3801C4}.Release|Any CPU.Build.0 = Release|Any CPU
	EndGlobalSection
	GlobalSection(SolutionProperties) = preSolution
		HideSolutionNode = FALSE
	EndGlobalSection
EndGlobal
